# This file is automatically @generated by Cargo.
# It is not intended for manual editing.
version = 4

[[package]]
name = "crabber"
version = "0.1.0"
dependencies = [
 "crabber-core",
 "crabber-extension",
 "crabber-providers",
 "crabber-runtime",
 "crabber-session",
]

[[package]]
name = "crabber-core"
version = "0.1.0"

[[package]]
name = "crabber-extension"
version = "0.1.0"
dependencies = [
 "crabber-core",
]

[[package]]
name = "crabber-providers"
version = "0.1.0"
dependencies = [
 "crabber-core",
]

[[package]]
name = "crabber-runtime"
version = "0.1.0"
dependencies = [
 "crabber-core",
 "crabber-extension",
 "crabber-providers",
 "crabber-session",
]

[[package]]
name = "crabber-session"
version = "0.1.0"
dependencies = [
 "crabber-core",
]

[[package]]
name = "xtask"
version = "0.1.0"
